
Microsoft Visual Studio Solution File, Format Version 12.00
# Visual Studio 15
VisualStudioVersion = 15.0.28307.572
MinimumVisualStudioVersion = 10.0.40219.1
Project("{FAE04EC0-301F-11D3-BF4B-00C04F79EFBC}") = "Civ4 Leader Changer", "Civ4 Leader Changer\Civ4 Leader Changer.csproj", "{9AFB3408-B51E-42AD-8009-1349029CCE21}"
EndProject
Global
	GlobalSection(SolutionConfigurationPlatforms) = preSolution
		Debug|Any CPU = Debug|Any CPU
		Release|Any CPU = Release|Any CPU
	EndGlobalSection
	GlobalSection(ProjectConfigurationPlatforms) = postSolution
		{9AFB3408-B51E-42AD-8009-1349029CCE21}.Debug|Any CPU.ActiveCfg = Debug|Any CPU
		{9AFB3408-B51E-42AD-8009-1349029CCE21}.Debug|Any CPU.Build.0 = Debug|Any CPU
		{9AFB3408-B51E-42AD-8009-1349029CCE21}.Release|Any CPU.ActiveCfg = Release|Any CPU
		{9AFB3408-B51E-42AD-8009-1349029CCE21}.Release|Any CPU.Build.0 = Release|Any CPU
	EndGlobalSection
	GlobalSection(SolutionProperties) = preSolution
		HideSolutionNode = FALSE
	EndGlobalSection
	GlobalSection(ExtensibilityGlobals) = postSolution
		SolutionGuid = {B0173D13-9414-4853-90A9-52C2D5C2868A}
	EndGlobalSection
EndGlobal
